
Microsoft Visual Studio Solution File, Format Version 11.00
# Visual Studio 2010
Project("{8BC9CEB8-8B4A-11D0-8D11-00A0C91BC942}") = "Goldeneye Revenge", "Goldeneye Revenge\Goldeneye Revenge.vcxproj", "{8AFFC00C-3363-4060-9056-D1714C228689}"
EndProject
Global
	GlobalSection(SolutionConfigurationPlatforms) = preSolution
		Debug|Win32 = Debug|Win32
		Release|Win32 = Release|Win32
		release2|Win32 = release2|Win32
	EndGlobalSection
	GlobalSection(ProjectConfigurationPlatforms) = postSolution
		{8AFFC00C-3363-4060-9056-D1714C228689}.Debug|Win32.ActiveCfg = Debug|Win32
		{8AFFC00C-3363-4060-9056-D1714C228689}.Debug|Win32.Build.0 = Debug|Win32
		{8AFFC00C-3363-4060-9056-D1714C228689}.Release|Win32.ActiveCfg = Release|Win32
		{8AFFC00C-3363-4060-9056-D1714C228689}.Release|Win32.Build.0 = Release|Win32
		{8AFFC00C-3363-4060-9056-D1714C228689}.release2|Win32.ActiveCfg = release2|Win32
		{8AFFC00C-3363-4060-9056-D1714C228689}.release2|Win32.Build.0 = release2|Win32
	EndGlobalSection
	GlobalSection(SolutionProperties) = preSolution
		HideSolutionNode = FALSE
	EndGlobalSection
EndGlobal
